{
  "name": "@angular-builders/jest",
  "version": "7.1.1",
  "lockfileVersion": 1,
  "requires": true,
  "dependencies": {
    "@types/jest": {
      "version": "23.3.11",
      "resolved": "https://registry.npmjs.org/@types/jest/-/jest-23.3.11.tgz",
      "integrity": "sha512-eroF85PoG87XjCwzxey7yBsQNkIY/TV5myKKSG/022A0FW25afdu/uub6JDMS5eT68zBBt82S+w/MFOTjeLM3Q=="
    },
    "closest-file-data": {
      "version": "0.1.4",
      "resolved": "https://registry.npmjs.org/closest-file-data/-/closest-file-data-0.1.4.tgz",
      "integrity": "sha1-l1+HwTLymdJKA3W59jyj+4j3Kzo="
    },
    "fs-extra": {
      "version": "6.0.1",
      "resolved": "https://registry.npmjs.org/fs-extra/-/fs-extra-6.0.1.tgz",
      "integrity": "sha512-GnyIkKhhzXZUWFCaJzvyDLEEgDkPfb4/TPvJCJVuS8MWZgoSsErf++QpiAlDnKFcqhRlm+tIOcencCjyJE6ZCA==",
      "requires": {
        "graceful-fs": "^4.1.2",
        "jsonfile": "^4.0.0",
        "universalify": "^0.1.0"
      }
    },
    "graceful-fs": {
      "version": "4.1.15",
      "resolved": "https://registry.npmjs.org/graceful-fs/-/graceful-fs-4.1.15.tgz",
      "integrity": "sha512-6uHUhOPEBgQ24HM+r6b/QwWfZq+yiFcipKFrOFiBEnWdy5sdzYoi+pJeQaPI5qOLRFqWmAXUPQNsielzdLoecA=="
    },
    "jest-preset-angular": {
      "version": "6.0.2",
      "resolved": "https://registry.npmjs.org/jest-preset-angular/-/jest-preset-angular-6.0.2.tgz",
      "integrity": "sha512-uhrllY41tUvkeR41aX9bU5w3/EvvmwZiJ3UitDhRSEJL2Jvq2N/xKlmw7qvlZoGZnciFjOUJ2WDKv5fmCrvnQA==",
      "requires": {
        "@types/jest": "^23.3.1",
        "jest-zone-patch": ">=0.0.9 <1.0.0",
        "ts-jest": "~23.1.3"
      }
    },
    "jest-zone-patch": {
      "version": "0.0.10",
      "resolved": "https://registry.npmjs.org/jest-zone-patch/-/jest-zone-patch-0.0.10.tgz",
      "integrity": "sha512-K5uHLHgMgi2Eyj74gbY+xSeGGekb5U48bXsgDwgipRbFdaekyZK+TAcp8auamqU4UjrAt5S4sIUZz/2bBNyTTA=="
    },
    "json5": {
      "version": "0.5.1",
      "resolved": "http://registry.npmjs.org/json5/-/json5-0.5.1.tgz",
      "integrity": "sha1-Hq3nrMASA0rYTiOWdn6tn6VJWCE="
    },
    "jsonfile": {
      "version": "4.0.0",
      "resolved": "https://registry.npmjs.org/jsonfile/-/jsonfile-4.0.0.tgz",
      "integrity": "sha1-h3Gq4HmbZAdrdmQPygWPnBDjPss=",
      "requires": {
        "graceful-fs": "^4.1.6"
      }
    },
    "lodash": {
      "version": "4.17.11",
      "resolved": "https://registry.npmjs.org/lodash/-/lodash-4.17.11.tgz",
      "integrity": "sha512-cQKh8igo5QUhZ7lg38DYWAxMvjSAKG0A8wGSVimP07SIUEK2UO+arSRKbRZWtelMtN5V0Hkwh5ryOto/SshYIg=="
    },
    "ts-jest": {
      "version": "23.1.4",
      "resolved": "https://registry.npmjs.org/ts-jest/-/ts-jest-23.1.4.tgz",
      "integrity": "sha512-9rCSxbWfoZxxeXnSoEIzRNr9hDIQ8iEJAWmSRsWhDHDT8OeuGfURhJQUE8jtJlkyEygs6rngH8RYtHz9cfjmEA==",
      "requires": {
        "closest-file-data": "^0.1.4",
        "fs-extra": "6.0.1",
        "json5": "^0.5.0",
        "lodash": "^4.17.10"
      }
    },
    "universalify": {
      "version": "0.1.2",
      "resolved": "https://registry.npmjs.org/universalify/-/universalify-0.1.2.tgz",
      "integrity": "sha512-rBJeI5CXAlmy1pV+617WB9J63U6XcazHHF2f2dbJix4XzpUF0RS3Zbj0FGIOCAva5P/d/GBOYaACQ1w+0azUkg=="
    }
  }
}
